
Microsoft Visual Studio Solution File, Format Version 12.00
# Visual Studio 15
VisualStudioVersion = 15.0.26430.4
MinimumVisualStudioVersion = 10.0.40219.1
Project("{9A19103F-16F7-4668-BE54-9A1E7A4F7556}") = "NLogExample", "NLogExample\NLogExample.csproj", "{A78A2875-0240-4797-B615-1269B7E2ECD3}"
EndProject
Project("{FAE04EC0-301F-11D3-BF4B-00C04F79EFBC}") = "NlogConfigByServices", "NlogConfigByServices\NlogConfigByServices.csproj", "{948DE977-4DD1-4076-8580-A201448F5DBE}"
EndProject
Global
	GlobalSection(SolutionConfigurationPlatforms) = preSolution
		Debug|Any CPU = Debug|Any CPU
		Release|Any CPU = Release|Any CPU
	EndGlobalSection
	GlobalSection(ProjectConfigurationPlatforms) = postSolution
		{A78A2875-0240-4797-B615-1269B7E2ECD3}.Debug|Any CPU.ActiveCfg = Debug|Any CPU
		{A78A2875-0240-4797-B615-1269B7E2ECD3}.Debug|Any CPU.Build.0 = Debug|Any CPU
		{A78A2875-0240-4797-B615-1269B7E2ECD3}.Release|Any CPU.ActiveCfg = Release|Any CPU
		{A78A2875-0240-4797-B615-1269B7E2ECD3}.Release|Any CPU.Build.0 = Release|Any CPU
		{948DE977-4DD1-4076-8580-A201448F5DBE}.Debug|Any CPU.ActiveCfg = Debug|Any CPU
		{948DE977-4DD1-4076-8580-A201448F5DBE}.Debug|Any CPU.Build.0 = Debug|Any CPU
		{948DE977-4DD1-4076-8580-A201448F5DBE}.Release|Any CPU.ActiveCfg = Release|Any CPU
		{948DE977-4DD1-4076-8580-A201448F5DBE}.Release|Any CPU.Build.0 = Release|Any CPU
	EndGlobalSection
	GlobalSection(SolutionProperties) = preSolution
		HideSolutionNode = FALSE
	EndGlobalSection
EndGlobal
